
Microsoft Visual Studio Solution File, Format Version 12.00
# Visual Studio 15
VisualStudioVersion = 15.0.28307.329
MinimumVisualStudioVersion = 10.0.40219.1
Project("{8BC9CEB8-8B4A-11D0-8D11-00A0C91BC942}") = "Scrambler", "Scrambler\Scrambler.vcxproj", "{CD72F6ED-CF71-49C1-9D85-7E0EDAFC613A}"
EndProject
Global
	GlobalSection(SolutionConfigurationPlatforms) = preSolution
		Debug|x64 = Debug|x64
		Debug|x86 = Debug|x86
		Release|x64 = Release|x64
		Release|x86 = Release|x86
	EndGlobalSection
	GlobalSection(ProjectConfigurationPlatforms) = postSolution
		{CD72F6ED-CF71-49C1-9D85-7E0EDAFC613A}.Debug|x64.ActiveCfg = Debug|x64
		{CD72F6ED-CF71-49C1-9D85-7E0EDAFC613A}.Debug|x64.Build.0 = Debug|x64
		{CD72F6ED-CF71-49C1-9D85-7E0EDAFC613A}.Debug|x86.ActiveCfg = Debug|Win32
		{CD72F6ED-CF71-49C1-9D85-7E0EDAFC613A}.Debug|x86.Build.0 = Debug|Win32
		{CD72F6ED-CF71-49C1-9D85-7E0EDAFC613A}.Release|x64.ActiveCfg = Release|x64
		{CD72F6ED-CF71-49C1-9D85-7E0EDAFC613A}.Release|x64.Build.0 = Release|x64
		{CD72F6ED-CF71-49C1-9D85-7E0EDAFC613A}.Release|x86.ActiveCfg = Release|Win32
		{CD72F6ED-CF71-49C1-9D85-7E0EDAFC613A}.Release|x86.Build.0 = Release|Win32
	EndGlobalSection
	GlobalSection(SolutionProperties) = preSolution
		HideSolutionNode = FALSE
	EndGlobalSection
	GlobalSection(ExtensibilityGlobals) = postSolution
		SolutionGuid = {E6F9D1D5-DE2F-4EB4-91BE-0EE3AA400721}
	EndGlobalSection
EndGlobal
